lockfileVersion: '9.0'

settings:
  autoInstallPeers: true
  excludeLinksFromLockfile: false

importers:

  .:
    dependencies:
      node-appwrite:
        specifier: ^14.1.0
        version: 14.1.0

packages:

  node-appwrite@14.1.0:
    resolution: {integrity: sha512-kuKAZrdaAcGYOMUXtxNb1j+uIy+FIMiiU1dFkgwTXLsMLeLvC6HJ8/FH/kN9JyrWR2a2zcGN7gWfyQgWYoLMTA==}

  node-fetch-native-with-agent@1.7.2:
    resolution: {integrity: sha512-5MaOOCuJEvcckoz7/tjdx1M6OusOY6Xc5f459IaruGStWnKzlI1qpNgaAwmn4LmFYcsSlj+jBMk84wmmRxfk5g==}

snapshots:

  node-appwrite@14.1.0:
    dependencies:
      node-fetch-native-with-agent: 1.7.2

  node-fetch-native-with-agent@1.7.2: {}
